// !$*UTF8*$!
{
	archiveVersion = 1;
	classes = {
	};
	objectVersion = 46;
	objects = {

/* Begin PBXBuildFile section */
		3E7CA088190F2AE800234F0A /* ConnecionManager.m in Sources */ = {isa = PBXBuildFile; fileRef = 3E7CA087190F2AE800234F0A /* ConnecionManager.m */; };
		3E7CA08C190F421900234F0A /* JSONParserManager.m in Sources */ = {isa = PBXBuildFile; fileRef = 3E7CA08B190F421900234F0A /* JSONParserManager.m */; };
		3EAF3F71190F540E009EE2A0 /* GeneralInfo.m in Sources */ = {isa = PBXBuildFile; fileRef = 3EAF3F70190F540E009EE2A0 /* GeneralInfo.m */; };
		3EAF3F8F190F5787009EE2A0 /* JSONModel+CoreData.m in Sources */ = {isa = PBXBuildFile; fileRef = 3EAF3F76190F5787009EE2A0 /* JSONModel+CoreData.m */; };
		3EAF3F90190F5787009EE2A0 /* JSONModel.m in Sources */ = {isa = PBXBuildFile; fileRef = 3EAF3F78190F5787009EE2A0 /* JSONModel.m */; };
		3EAF3F91190F5787009EE2A0 /* JSONModelArray.m in Sources */ = {isa = PBXBuildFile; fileRef = 3EAF3F7A190F5787009EE2A0 /* JSONModelArray.m */; };
		3EAF3F92190F5787009EE2A0 /* JSONModelClassProperty.m in Sources */ = {isa = PBXBuildFile; fileRef = 3EAF3F7C190F5787009EE2A0 /* JSONModelClassProperty.m */; };
		3EAF3F93190F5787009EE2A0 /* JSONModelError.m in Sources */ = {isa = PBXBuildFile; fileRef = 3EAF3F7E190F5787009EE2A0 /* JSONModelError.m */; };
		3EAF3F94190F5787009EE2A0 /* NSArray+JSONModel.m in Sources */ = {isa = PBXBuildFile; fileRef = 3EAF3F81190F5787009EE2A0 /* NSArray+JSONModel.m */; };
		3EAF3F95190F5787009EE2A0 /* JSONAPI.m in Sources */ = {isa = PBXBuildFile; fileRef = 3EAF3F85190F5787009EE2A0 /* JSONAPI.m */; };
		3EAF3F96190F5787009EE2A0 /* JSONHTTPClient.m in Sources */ = {isa = PBXBuildFile; fileRef = 3EAF3F87190F5787009EE2A0 /* JSONHTTPClient.m */; };
		3EAF3F97190F5787009EE2A0 /* JSONModel+networking.m in Sources */ = {isa = PBXBuildFile; fileRef = 3EAF3F89190F5787009EE2A0 /* JSONModel+networking.m */; };
		3EAF3F98190F5787009EE2A0 /* JSONKeyMapper.m in Sources */ = {isa = PBXBuildFile; fileRef = 3EAF3F8C190F5787009EE2A0 /* JSONKeyMapper.m */; };
		3EAF3F99190F5787009EE2A0 /* JSONValueTransformer.m in Sources */ = {isa = PBXBuildFile; fileRef = 3EAF3F8E190F5787009EE2A0 /* JSONValueTransformer.m */; };
		3EAF3F9C190F57F2009EE2A0 /* JMCategory.m in Sources */ = {isa = PBXBuildFile; fileRef = 3EAF3F9B190F57F2009EE2A0 /* JMCategory.m */; };
		3EAF3F9F190F58E1009EE2A0 /* JMInterestingPlace.m in Sources */ = {isa = PBXBuildFile; fileRef = 3EAF3F9E190F58E1009EE2A0 /* JMInterestingPlace.m */; };
		3EAF3FA2190F598C009EE2A0 /* JMLocation.m in Sources */ = {isa = PBXBuildFile; fileRef = 3EAF3FA1190F598C009EE2A0 /* JMLocation.m */; };
		3EAF3FA5190F5ABA009EE2A0 /* JMLocale.m in Sources */ = {isa = PBXBuildFile; fileRef = 3EAF3FA4190F5ABA009EE2A0 /* JMLocale.m */; };
		3EAF3FA8190F5BE0009EE2A0 /* JMProduct.m in Sources */ = {isa = PBXBuildFile; fileRef = 3EAF3FA7190F5BE0009EE2A0 /* JMProduct.m */; };
		3EAF3FAB190F5D11009EE2A0 /* JMSummary.m in Sources */ = {isa = PBXBuildFile; fileRef = 3EAF3FAA190F5D11009EE2A0 /* JMSummary.m */; };
		3EAF3FAE190F5EB0009EE2A0 /* JMSections.m in Sources */ = {isa = PBXBuildFile; fileRef = 3EAF3FAD190F5EB0009EE2A0 /* JMSections.m */; };
		3EAF3FB1190F5FD3009EE2A0 /* JMType.m in Sources */ = {isa = PBXBuildFile; fileRef = 3EAF3FB0190F5FD3009EE2A0 /* JMType.m */; };
		A7F063FD190F043500EC3787 /* Foundation.framework in Frameworks */ = {isa = PBXBuildFile; fileRef = A7F063FC190F043500EC3787 /* Foundation.framework */; };
		A7F063FF190F043500EC3787 /* CoreGraphics.framework in Frameworks */ = {isa = PBXBuildFile; fileRef = A7F063FE190F043500EC3787 /* CoreGraphics.framework */; };
		A7F06401190F043500EC3787 /* UIKit.framework in Frameworks */ = {isa = PBXBuildFile; fileRef = A7F06400190F043500EC3787 /* UIKit.framework */; };
		A7F06407190F043500EC3787 /* InfoPlist.strings in Resources */ = {isa = PBXBuildFile; fileRef = A7F06405190F043500EC3787 /* InfoPlist.strings */; };
		A7F06409190F043500EC3787 /* main.m in Sources */ = {isa = PBXBuildFile; fileRef = A7F06408190F043500EC3787 /* main.m */; };
		A7F0640D190F043500EC3787 /* AppDelegate.m in Sources */ = {isa = PBXBuildFile; fileRef = A7F0640C190F043500EC3787 /* AppDelegate.m */; };
		A7F06415190F043500EC3787 /* Images.xcassets in Resources */ = {isa = PBXBuildFile; fileRef = A7F06414190F043500EC3787 /* Images.xcassets */; };
		A7F0641C190F043500EC3787 /* XCTest.framework in Frameworks */ = {isa = PBXBuildFile; fileRef = A7F0641B190F043500EC3787 /* XCTest.framework */; };
		A7F0641D190F043500EC3787 /* Foundation.framework in Frameworks */ = {isa = PBXBuildFile; fileRef = A7F063FC190F043500EC3787 /* Foundation.framework */; };
		A7F0641E190F043500EC3787 /* UIKit.framework in Frameworks */ = {isa = PBXBuildFile; fileRef = A7F06400190F043500EC3787 /* UIKit.framework */; };
		A7F06426190F043500EC3787 /* InfoPlist.strings in Resources */ = {isa = PBXBuildFile; fileRef = A7F06424190F043500EC3787 /* InfoPlist.strings */; };
		A7F06428190F043500EC3787 /* VintecCEDATests.m in Sources */ = {isa = PBXBuildFile; fileRef = A7F06427190F043500EC3787 /* VintecCEDATests.m */; };
		E9073FF56C6D443C9D632391 /* libPods.a in Frameworks */ = {isa = PBXBuildFile; fileRef = 00ACE9D186F248E0A22DC859 /* libPods.a */; };
/* End PBXBuildFile section */

/* Begin PBXContainerItemProxy section */
		A7F0641F190F043500EC3787 /* PBXContainerItemProxy */ = {
			isa = PBXContainerItemProxy;
			containerPortal = A7F063F1190F043500EC3787 /* Project object */;
			proxyType = 1;
			remoteGlobalIDString = A7F063F8190F043500EC3787;
			remoteInfo = VintecCEDA;
		};
/* End PBXContainerItemProxy section */

/* Begin PBXFileReference section */
		00ACE9D186F248E0A22DC859 /* libPods.a */ = {isa = PBXFileReference; explicitFileType = archive.ar; includeInIndex = 0; path = libPods.a; sourceTree = BUILT_PRODUCTS_DIR; };
		3E7CA086190F2AE800234F0A /* ConnecionManager.h */ = {isa = PBXFileReference; fileEncoding = 4; lastKnownFileType = sourcecode.c.h; path = ConnecionManager.h; sourceTree = "<group>"; };
		3E7CA087190F2AE800234F0A /* ConnecionManager.m */ = {isa = PBXFileReference; fileEncoding = 4; lastKnownFileType = sourcecode.c.objc; path = ConnecionManager.m; sourceTree = "<group>"; };
		3E7CA08A190F421900234F0A /* JSONParserManager.h */ = {isa = PBXFileReference; fileEncoding = 4; lastKnownFileType = sourcecode.c.h; path = JSONParserManager.h; sourceTree = "<group>"; };
		3E7CA08B190F421900234F0A /* JSONParserManager.m */ = {isa = PBXFileReference; fileEncoding = 4; lastKnownFileType = sourcecode.c.objc; path = JSONParserManager.m; sourceTree = "<group>"; };
		3EAF3F6F190F540E009EE2A0 /* GeneralInfo.h */ = {isa = PBXFileReference; fileEncoding = 4; lastKnownFileType = sourcecode.c.h; path = GeneralInfo.h; sourceTree = "<group>"; };
		3EAF3F70190F540E009EE2A0 /* GeneralInfo.m */ = {isa = PBXFileReference; fileEncoding = 4; lastKnownFileType = sourcecode.c.objc; path = GeneralInfo.m; sourceTree = "<group>"; };
		3EAF3F75190F5787009EE2A0 /* JSONModel+CoreData.h */ = {isa = PBXFileReference; fileEncoding = 4; lastKnownFileType = sourcecode.c.h; path = "JSONModel+CoreData.h"; sourceTree = "<group>"; };
		3EAF3F76190F5787009EE2A0 /* JSONModel+CoreData.m */ = {isa = PBXFileReference; fileEncoding = 4; lastKnownFileType = sourcecode.c.objc; path = "JSONModel+CoreData.m"; sourceTree = "<group>"; };
		3EAF3F77190F5787009EE2A0 /* JSONModel.h */ = {isa = PBXFileReference; fileEncoding = 4; lastKnownFileType = sourcecode.c.h; path = JSONModel.h; sourceTree = "<group>"; };
		3EAF3F78190F5787009EE2A0 /* JSONModel.m */ = {isa = PBXFileReference; fileEncoding = 4; lastKnownFileType = sourcecode.c.objc; path = JSONModel.m; sourceTree = "<group>"; };
		3EAF3F79190F5787009EE2A0 /* JSONModelArray.h */ = {isa = PBXFileReference; fileEncoding = 4; lastKnownFileType = sourcecode.c.h; path = JSONModelArray.h; sourceTree = "<group>"; };
		3EAF3F7A190F5787009EE2A0 /* JSONModelArray.m */ = {isa = PBXFileReference; fileEncoding = 4; lastKnownFileType = sourcecode.c.objc; path = JSONModelArray.m; sourceTree = "<group>"; };
		3EAF3F7B190F5787009EE2A0 /* JSONModelClassProperty.h */ = {isa = PBXFileReference; fileEncoding = 4; lastKnownFileType = sourcecode.c.h; path = JSONModelClassProperty.h; sourceTree = "<group>"; };
		3EAF3F7C190F5787009EE2A0 /* JSONModelClassProperty.m */ = {isa = PBXFileReference; fileEncoding = 4; lastKnownFileType = sourcecode.c.objc; path = JSONModelClassProperty.m; sourceTree = "<group>"; };
		3EAF3F7D190F5787009EE2A0 /* JSONModelError.h */ = {isa = PBXFileReference; fileEncoding = 4; lastKnownFileType = sourcecode.c.h; path = JSONModelError.h; sourceTree = "<group>"; };
		3EAF3F7E190F5787009EE2A0 /* JSONModelError.m */ = {isa = PBXFileReference; fileEncoding = 4; lastKnownFileType = sourcecode.c.objc; path = JSONModelError.m; sourceTree = "<group>"; };
		3EAF3F80190F5787009EE2A0 /* NSArray+JSONModel.h */ = {isa = PBXFileReference; fileEncoding = 4; lastKnownFileType = sourcecode.c.h; path = "NSArray+JSONModel.h"; sourceTree = "<group>"; };
		3EAF3F81190F5787009EE2A0 /* NSArray+JSONModel.m */ = {isa = PBXFileReference; fileEncoding = 4; lastKnownFileType = sourcecode.c.objc; path = "NSArray+JSONModel.m"; sourceTree = "<group>"; };
		3EAF3F82190F5787009EE2A0 /* JSONModelLib.h */ = {isa = PBXFileReference; fileEncoding = 4; lastKnownFileType = sourcecode.c.h; path = JSONModelLib.h; sourceTree = "<group>"; };
		3EAF3F84190F5787009EE2A0 /* JSONAPI.h */ = {isa = PBXFileReference; fileEncoding = 4; lastKnownFileType = sourcecode.c.h; path = JSONAPI.h; sourceTree = "<group>"; };
		3EAF3F85190F5787009EE2A0 /* JSONAPI.m */ = {isa = PBXFileReference; fileEncoding = 4; lastKnownFileType = sourcecode.c.objc; path = JSONAPI.m; sourceTree = "<group>"; };
		3EAF3F86190F5787009EE2A0 /* JSONHTTPClient.h */ = {isa = PBXFileReference; fileEncoding = 4; lastKnownFileType = sourcecode.c.h; path = JSONHTTPClient.h; sourceTree = "<group>"; };
		3EAF3F87190F5787009EE2A0 /* JSONHTTPClient.m */ = {isa = PBXFileReference; fileEncoding = 4; lastKnownFileType = sourcecode.c.objc; path = JSONHTTPClient.m; sourceTree = "<group>"; };
		3EAF3F88190F5787009EE2A0 /* JSONModel+networking.h */ = {isa = PBXFileReference; fileEncoding = 4; lastKnownFileType = sourcecode.c.h; path = "JSONModel+networking.h"; sourceTree = "<group>"; };
		3EAF3F89190F5787009EE2A0 /* JSONModel+networking.m */ = {isa = PBXFileReference; fileEncoding = 4; lastKnownFileType = sourcecode.c.objc; path = "JSONModel+networking.m"; sourceTree = "<group>"; };
		3EAF3F8B190F5787009EE2A0 /* JSONKeyMapper.h */ = {isa = PBXFileReference; fileEncoding = 4; lastKnownFileType = sourcecode.c.h; path = JSONKeyMapper.h; sourceTree = "<group>"; };
		3EAF3F8C190F5787009EE2A0 /* JSONKeyMapper.m */ = {isa = PBXFileReference; fileEncoding = 4; lastKnownFileType = sourcecode.c.objc; path = JSONKeyMapper.m; sourceTree = "<group>"; };
		3EAF3F8D190F5787009EE2A0 /* JSONValueTransformer.h */ = {isa = PBXFileReference; fileEncoding = 4; lastKnownFileType = sourcecode.c.h; path = JSONValueTransformer.h; sourceTree = "<group>"; };
		3EAF3F8E190F5787009EE2A0 /* JSONValueTransformer.m */ = {isa = PBXFileReference; fileEncoding = 4; lastKnownFileType = sourcecode.c.objc; path = JSONValueTransformer.m; sourceTree = "<group>"; };
		3EAF3F9A190F57F2009EE2A0 /* JMCategory.h */ = {isa = PBXFileReference; fileEncoding = 4; lastKnownFileType = sourcecode.c.h; path = JMCategory.h; sourceTree = "<group>"; };
		3EAF3F9B190F57F2009EE2A0 /* JMCategory.m */ = {isa = PBXFileReference; fileEncoding = 4; lastKnownFileType = sourcecode.c.objc; path = JMCategory.m; sourceTree = "<group>"; };
		3EAF3F9D190F58E1009EE2A0 /* JMInterestingPlace.h */ = {isa = PBXFileReference; fileEncoding = 4; lastKnownFileType = sourcecode.c.h; path = JMInterestingPlace.h; sourceTree = "<group>"; };
		3EAF3F9E190F58E1009EE2A0 /* JMInterestingPlace.m */ = {isa = PBXFileReference; fileEncoding = 4; lastKnownFileType = sourcecode.c.objc; path = JMInterestingPlace.m; sourceTree = "<group>"; };
		3EAF3FA0190F598C009EE2A0 /* JMLocation.h */ = {isa = PBXFileReference; fileEncoding = 4; lastKnownFileType = sourcecode.c.h; path = JMLocation.h; sourceTree = "<group>"; };
		3EAF3FA1190F598C009EE2A0 /* JMLocation.m */ = {isa = PBXFileReference; fileEncoding = 4; lastKnownFileType = sourcecode.c.objc; path = JMLocation.m; sourceTree = "<group>"; };
		3EAF3FA3190F5ABA009EE2A0 /* JMLocale.h */ = {isa = PBXFileReference; fileEncoding = 4; lastKnownFileType = sourcecode.c.h; path = JMLocale.h; sourceTree = "<group>"; };
		3EAF3FA4190F5ABA009EE2A0 /* JMLocale.m */ = {isa = PBXFileReference; fileEncoding = 4; lastKnownFileType = sourcecode.c.objc; path = JMLocale.m; sourceTree = "<group>"; };
		3EAF3FA6190F5BE0009EE2A0 /* JMProduct.h */ = {isa = PBXFileReference; fileEncoding = 4; lastKnownFileType = sourcecode.c.h; path = JMProduct.h; sourceTree = "<group>"; };
		3EAF3FA7190F5BE0009EE2A0 /* JMProduct.m */ = {isa = PBXFileReference; fileEncoding = 4; lastKnownFileType = sourcecode.c.objc; path = JMProduct.m; sourceTree = "<group>"; };
		3EAF3FA9190F5D11009EE2A0 /* JMSummary.h */ = {isa = PBXFileReference; fileEncoding = 4; lastKnownFileType = sourcecode.c.h; path = JMSummary.h; sourceTree = "<group>"; };
		3EAF3FAA190F5D11009EE2A0 /* JMSummary.m */ = {isa = PBXFileReference; fileEncoding = 4; lastKnownFileType = sourcecode.c.objc; path = JMSummary.m; sourceTree = "<group>"; };
		3EAF3FAC190F5EB0009EE2A0 /* JMSections.h */ = {isa = PBXFileReference; fileEncoding = 4; lastKnownFileType = sourcecode.c.h; path = JMSections.h; sourceTree = "<group>"; };
		3EAF3FAD190F5EB0009EE2A0 /* JMSections.m */ = {isa = PBXFileReference; fileEncoding = 4; lastKnownFileType = sourcecode.c.objc; path = JMSections.m; sourceTree = "<group>"; };
		3EAF3FAF190F5FD3009EE2A0 /* JMType.h */ = {isa = PBXFileReference; fileEncoding = 4; lastKnownFileType = sourcecode.c.h; path = JMType.h; sourceTree = "<group>"; };
		3EAF3FB0190F5FD3009EE2A0 /* JMType.m */ = {isa = PBXFileReference; fileEncoding = 4; lastKnownFileType = sourcecode.c.objc; path = JMType.m; sourceTree = "<group>"; };
		A7F063F9190F043500EC3787 /* VintecCEDA.app */ = {isa = PBXFileReference; explicitFileType = wrapper.application; includeInIndex = 0; path = VintecCEDA.app; sourceTree = BUILT_PRODUCTS_DIR; };
		A7F063FC190F043500EC3787 /* Foundation.framework */ = {isa = PBXFileReference; lastKnownFileType = wrapper.framework; name = Foundation.framework; path = System/Library/Frameworks/Foundation.framework; sourceTree = SDKROOT; };
		A7F063FE190F043500EC3787 /* CoreGraphics.framework */ = {isa = PBXFileReference; lastKnownFileType = wrapper.framework; name = CoreGraphics.framework; path = System/Library/Frameworks/CoreGraphics.framework; sourceTree = SDKROOT; };
		A7F06400190F043500EC3787 /* UIKit.framework */ = {isa = PBXFileReference; lastKnownFileType = wrapper.framework; name = UIKit.framework; path = System/Library/Frameworks/UIKit.framework; sourceTree = SDKROOT; };
		A7F06404190F043500EC3787 /* VintecCEDA-Info.plist */ = {isa = PBXFileReference; lastKnownFileType = text.plist.xml; path = "VintecCEDA-Info.plist"; sourceTree = "<group>"; };
		A7F06406190F043500EC3787 /* en */ = {isa = PBXFileReference; lastKnownFileType = text.plist.strings; name = en; path = en.lproj/InfoPlist.strings; sourceTree = "<group>"; };
		A7F06408190F043500EC3787 /* main.m */ = {isa = PBXFileReference; lastKnownFileType = sourcecode.c.objc; path = main.m; sourceTree = "<group>"; };
		A7F0640A190F043500EC3787 /* VintecCEDA-Prefix.pch */ = {isa = PBXFileReference; lastKnownFileType = sourcecode.c.h; path = "VintecCEDA-Prefix.pch"; sourceTree = "<group>"; };
		A7F0640B190F043500EC3787 /* AppDelegate.h */ = {isa = PBXFileReference; lastKnownFileType = sourcecode.c.h; path = AppDelegate.h; sourceTree = "<group>"; };
		A7F0640C190F043500EC3787 /* AppDelegate.m */ = {isa = PBXFileReference; lastKnownFileType = sourcecode.c.objc; path = AppDelegate.m; sourceTree = "<group>"; };
		A7F06414190F043500EC3787 /* Images.xcassets */ = {isa = PBXFileReference; lastKnownFileType = folder.assetcatalog; path = Images.xcassets; sourceTree = "<group>"; };
		A7F0641A190F043500EC3787 /* VintecCEDATests.xctest */ = {isa = PBXFileReference; explicitFileType = wrapper.cfbundle; includeInIndex = 0; path = VintecCEDATests.xctest; sourceTree = BUILT_PRODUCTS_DIR; };
		A7F0641B190F043500EC3787 /* XCTest.framework */ = {isa = PBXFileReference; lastKnownFileType = wrapper.framework; name = XCTest.framework; path = Library/Frameworks/XCTest.framework; sourceTree = DEVELOPER_DIR; };
		A7F06423190F043500EC3787 /* VintecCEDATests-Info.plist */ = {isa = PBXFileReference; lastKnownFileType = text.plist.xml; path = "VintecCEDATests-Info.plist"; sourceTree = "<group>"; };
		A7F06425190F043500EC3787 /* en */ = {isa = PBXFileReference; lastKnownFileType = text.plist.strings; name = en; path = en.lproj/InfoPlist.strings; sourceTree = "<group>"; };
		A7F06427190F043500EC3787 /* VintecCEDATests.m */ = {isa = PBXFileReference; lastKnownFileType = sourcecode.c.objc; path = VintecCEDATests.m; sourceTree = "<group>"; };
		B7FBD6F296344DC4A55AE85E /* Pods.xcconfig */ = {isa = PBXFileReference; includeInIndex = 1; lastKnownFileType = text.xcconfig; name = Pods.xcconfig; path = Pods/Pods.xcconfig; sourceTree = "<group>"; };
/* End PBXFileReference section */

/* Begin PBXFrameworksBuildPhase section */
		A7F063F6190F043500EC3787 /* Frameworks */ = {
			isa = PBXFrameworksBuildPhase;
			buildActionMask = 2147483647;
			files = (
				A7F063FF190F043500EC3787 /* CoreGraphics.framework in Frameworks */,
				A7F06401190F043500EC3787 /* UIKit.framework in Frameworks */,
				A7F063FD190F043500EC3787 /* Foundation.framework in Frameworks */,
				E9073FF56C6D443C9D632391 /* libPods.a in Frameworks */,
			);
			runOnlyForDeploymentPostprocessing = 0;
		};
		A7F06417190F043500EC3787 /* Frameworks */ = {
			isa = PBXFrameworksBuildPhase;
			buildActionMask = 2147483647;
			files = (
				A7F0641C190F043500EC3787 /* XCTest.framework in Frameworks */,
				A7F0641E190F043500EC3787 /* UIKit.framework in Frameworks */,
				A7F0641D190F043500EC3787 /* Foundation.framework in Frameworks */,
			);
			runOnlyForDeploymentPostprocessing = 0;
		};
/* End PBXFrameworksBuildPhase section */

/* Begin PBXGroup section */
		3E7CA082190F297000234F0A /* Controllers */ = {
			isa = PBXGroup;
			children = (
				3E7CA089190F420000234F0A /* JSON */,
				3E7CA085190F2AB700234F0A /* Connection */,
			);
			path = Controllers;
			sourceTree = "<group>";
		};
		3E7CA083190F297000234F0A /* Model */ = {
			isa = PBXGroup;
			children = (
				3E7CA08D190F445A00234F0A /* JSON */,
			);
			path = Model;
			sourceTree = "<group>";
		};
		3E7CA085190F2AB700234F0A /* Connection */ = {
			isa = PBXGroup;
			children = (
				3E7CA086190F2AE800234F0A /* ConnecionManager.h */,
				3E7CA087190F2AE800234F0A /* ConnecionManager.m */,
			);
			path = Connection;
			sourceTree = "<group>";
		};
		3E7CA089190F420000234F0A /* JSON */ = {
			isa = PBXGroup;
			children = (
				3E7CA08A190F421900234F0A /* JSONParserManager.h */,
				3E7CA08B190F421900234F0A /* JSONParserManager.m */,
			);
			path = JSON;
			sourceTree = "<group>";
		};
		3E7CA08D190F445A00234F0A /* JSON */ = {
			isa = PBXGroup;
			children = (
				3EAF3F6F190F540E009EE2A0 /* GeneralInfo.h */,
				3EAF3F70190F540E009EE2A0 /* GeneralInfo.m */,
				3EAF3F9A190F57F2009EE2A0 /* JMCategory.h */,
				3EAF3F9B190F57F2009EE2A0 /* JMCategory.m */,
				3EAF3F9D190F58E1009EE2A0 /* JMInterestingPlace.h */,
				3EAF3F9E190F58E1009EE2A0 /* JMInterestingPlace.m */,
				3EAF3FA0190F598C009EE2A0 /* JMLocation.h */,
				3EAF3FA1190F598C009EE2A0 /* JMLocation.m */,
				3EAF3FA3190F5ABA009EE2A0 /* JMLocale.h */,
				3EAF3FA4190F5ABA009EE2A0 /* JMLocale.m */,
				3EAF3FA6190F5BE0009EE2A0 /* JMProduct.h */,
				3EAF3FA7190F5BE0009EE2A0 /* JMProduct.m */,
				3EAF3FA9190F5D11009EE2A0 /* JMSummary.h */,
				3EAF3FAA190F5D11009EE2A0 /* JMSummary.m */,
				3EAF3FAC190F5EB0009EE2A0 /* JMSections.h */,
				3EAF3FAD190F5EB0009EE2A0 /* JMSections.m */,
				3EAF3FAF190F5FD3009EE2A0 /* JMType.h */,
				3EAF3FB0190F5FD3009EE2A0 /* JMType.m */,
			);
			path = JSON;
			sourceTree = "<group>";
		};
		3EAF3F72190F5787009EE2A0 /* lib */ = {
			isa = PBXGroup;
			children = (
				3EAF3F73190F5787009EE2A0 /* JSONModel */,
			);
			path = lib;
			sourceTree = "<group>";
		};
		3EAF3F73190F5787009EE2A0 /* JSONModel */ = {
			isa = PBXGroup;
			children = (
				3EAF3F74190F5787009EE2A0 /* JSONModel */,
				3EAF3F7F190F5787009EE2A0 /* JSONModelCategories */,
				3EAF3F82190F5787009EE2A0 /* JSONModelLib.h */,
				3EAF3F83190F5787009EE2A0 /* JSONModelNetworking */,
				3EAF3F8A190F5787009EE2A0 /* JSONModelTransformations */,
			);
			path = JSONModel;
			sourceTree = "<group>";
		};
		3EAF3F74190F5787009EE2A0 /* JSONModel */ = {
			isa = PBXGroup;
			children = (
				3EAF3F75190F5787009EE2A0 /* JSONModel+CoreData.h */,
				3EAF3F76190F5787009EE2A0 /* JSONModel+CoreData.m */,
				3EAF3F77190F5787009EE2A0 /* JSONModel.h */,
				3EAF3F78190F5787009EE2A0 /* JSONModel.m */,
				3EAF3F79190F5787009EE2A0 /* JSONModelArray.h */,
				3EAF3F7A190F5787009EE2A0 /* JSONModelArray.m */,
				3EAF3F7B190F5787009EE2A0 /* JSONModelClassProperty.h */,
				3EAF3F7C190F5787009EE2A0 /* JSONModelClassProperty.m */,
				3EAF3F7D190F5787009EE2A0 /* JSONModelError.h */,
				3EAF3F7E190F5787009EE2A0 /* JSONModelError.m */,
			);
			path = JSONModel;
			sourceTree = "<group>";
		};
		3EAF3F7F190F5787009EE2A0 /* JSONModelCategories */ = {
			isa = PBXGroup;
			children = (
				3EAF3F80190F5787009EE2A0 /* NSArray+JSONModel.h */,
				3EAF3F81190F5787009EE2A0 /* NSArray+JSONModel.m */,
			);
			path = JSONModelCategories;
			sourceTree = "<group>";
		};
		3EAF3F83190F5787009EE2A0 /* JSONModelNetworking */ = {
			isa = PBXGroup;
			children = (
				3EAF3F84190F5787009EE2A0 /* JSONAPI.h */,
				3EAF3F85190F5787009EE2A0 /* JSONAPI.m */,
				3EAF3F86190F5787009EE2A0 /* JSONHTTPClient.h */,
				3EAF3F87190F5787009EE2A0 /* JSONHTTPClient.m */,
				3EAF3F88190F5787009EE2A0 /* JSONModel+networking.h */,
				3EAF3F89190F5787009EE2A0 /* JSONModel+networking.m */,
			);
			path = JSONModelNetworking;
			sourceTree = "<group>";
		};
		3EAF3F8A190F5787009EE2A0 /* JSONModelTransformations */ = {
			isa = PBXGroup;
			children = (
				3EAF3F8B190F5787009EE2A0 /* JSONKeyMapper.h */,
				3EAF3F8C190F5787009EE2A0 /* JSONKeyMapper.m */,
				3EAF3F8D190F5787009EE2A0 /* JSONValueTransformer.h */,
				3EAF3F8E190F5787009EE2A0 /* JSONValueTransformer.m */,
			);
			path = JSONModelTransformations;
			sourceTree = "<group>";
		};
		A7F063F0190F043500EC3787 = {
			isa = PBXGroup;
			children = (
				A7F06402190F043500EC3787 /* VintecCEDA */,
				A7F06421190F043500EC3787 /* VintecCEDATests */,
				A7F063FB190F043500EC3787 /* Frameworks */,
				A7F063FA190F043500EC3787 /* Products */,
				B7FBD6F296344DC4A55AE85E /* Pods.xcconfig */,
			);
			sourceTree = "<group>";
		};
		A7F063FA190F043500EC3787 /* Products */ = {
			isa = PBXGroup;
			children = (
				A7F063F9190F043500EC3787 /* VintecCEDA.app */,
				A7F0641A190F043500EC3787 /* VintecCEDATests.xctest */,
			);
			name = Products;
			sourceTree = "<group>";
		};
		A7F063FB190F043500EC3787 /* Frameworks */ = {
			isa = PBXGroup;
			children = (
				A7F063FC190F043500EC3787 /* Foundation.framework */,
				A7F063FE190F043500EC3787 /* CoreGraphics.framework */,
				A7F06400190F043500EC3787 /* UIKit.framework */,
				A7F0641B190F043500EC3787 /* XCTest.framework */,
				00ACE9D186F248E0A22DC859 /* libPods.a */,
			);
			name = Frameworks;
			sourceTree = "<group>";
		};
		A7F06402190F043500EC3787 /* VintecCEDA */ = {
			isa = PBXGroup;
			children = (
				3EAF3F72190F5787009EE2A0 /* lib */,
				3E7CA082190F297000234F0A /* Controllers */,
				3E7CA083190F297000234F0A /* Model */,
				A7F0640B190F043500EC3787 /* AppDelegate.h */,
				A7F0640C190F043500EC3787 /* AppDelegate.m */,
				A7F06414190F043500EC3787 /* Images.xcassets */,
				A7F06403190F043500EC3787 /* Supporting Files */,
			);
			path = VintecCEDA;
			sourceTree = "<group>";
		};
		A7F06403190F043500EC3787 /* Supporting Files */ = {
			isa = PBXGroup;
			children = (
				A7F06404190F043500EC3787 /* VintecCEDA-Info.plist */,
				A7F06405190F043500EC3787 /* InfoPlist.strings */,
				A7F06408190F043500EC3787 /* main.m */,
				A7F0640A190F043500EC3787 /* VintecCEDA-Prefix.pch */,
			);
			name = "Supporting Files";
			sourceTree = "<group>";
		};
		A7F06421190F043500EC3787 /* VintecCEDATests */ = {
			isa = PBXGroup;
			children = (
				A7F06427190F043500EC3787 /* VintecCEDATests.m */,
				A7F06422190F043500EC3787 /* Supporting Files */,
			);
			path = VintecCEDATests;
			sourceTree = "<group>";
		};
		A7F06422190F043500EC3787 /* Supporting Files */ = {
			isa = PBXGroup;
			children = (
				A7F06423190F043500EC3787 /* VintecCEDATests-Info.plist */,
				A7F06424190F043500EC3787 /* InfoPlist.strings */,
			);
			name = "Supporting Files";
			sourceTree = "<group>";
		};
/* End PBXGroup section */

/* Begin PBXNativeTarget section */
		A7F063F8190F043500EC3787 /* VintecCEDA */ = {
			isa = PBXNativeTarget;
			buildConfigurationList = A7F0642B190F043500EC3787 /* Build configuration list for PBXNativeTarget "VintecCEDA" */;
			buildPhases = (
				4286DB6B5E4246E2946E0A7A /* Check Pods Manifest.lock */,
				A7F063F5190F043500EC3787 /* Sources */,
				A7F063F6190F043500EC3787 /* Frameworks */,
				A7F063F7190F043500EC3787 /* Resources */,
				93859DB2533C4DF693C11B70 /* Copy Pods Resources */,
			);
			buildRules = (
			);
			dependencies = (
			);
			name = VintecCEDA;
			productName = VintecCEDA;
			productReference = A7F063F9190F043500EC3787 /* VintecCEDA.app */;
			productType = "com.apple.product-type.application";
		};
		A7F06419190F043500EC3787 /* VintecCEDATests */ = {
			isa = PBXNativeTarget;
			buildConfigurationList = A7F0642E190F043500EC3787 /* Build configuration list for PBXNativeTarget "VintecCEDATests" */;
			buildPhases = (
				A7F06416190F043500EC3787 /* Sources */,
				A7F06417190F043500EC3787 /* Frameworks */,
				A7F06418190F043500EC3787 /* Resources */,
			);
			buildRules = (
			);
			dependencies = (
				A7F06420190F043500EC3787 /* PBXTargetDependency */,
			);
			name = VintecCEDATests;
			productName = VintecCEDATests;
			productReference = A7F0641A190F043500EC3787 /* VintecCEDATests.xctest */;
			productType = "com.apple.product-type.bundle.unit-test";
		};
/* End PBXNativeTarget section */

/* Begin PBXProject section */
		A7F063F1190F043500EC3787 /* Project object */ = {
			isa = PBXProject;
			attributes = {
				LastUpgradeCheck = 0510;
				ORGANIZATIONNAME = Vintec;
				TargetAttributes = {
					A7F06419190F043500EC3787 = {
						TestTargetID = A7F063F8190F043500EC3787;
					};
				};
			};
			buildConfigurationList = A7F063F4190F043500EC3787 /* Build configuration list for PBXProject "VintecCEDA" */;
			compatibilityVersion = "Xcode 3.2";
			developmentRegion = English;
			hasScannedForEncodings = 0;
			knownRegions = (
				en,
				Base,
			);
			mainGroup = A7F063F0190F043500EC3787;
			productRefGroup = A7F063FA190F043500EC3787 /* Products */;
			projectDirPath = "";
			projectRoot = "";
			targets = (
				A7F063F8190F043500EC3787 /* VintecCEDA */,
				A7F06419190F043500EC3787 /* VintecCEDATests */,
			);
		};
/* End PBXProject section */

/* Begin PBXResourcesBuildPhase section */
		A7F063F7190F043500EC3787 /* Resources */ = {
			isa = PBXResourcesBuildPhase;
			buildActionMask = 2147483647;
			files = (
				A7F06415190F043500EC3787 /* Images.xcassets in Resources */,
				A7F06407190F043500EC3787 /* InfoPlist.strings in Resources */,
			);
			runOnlyForDeploymentPostprocessing = 0;
		};
		A7F06418190F043500EC3787 /* Resources */ = {
			isa = PBXResourcesBuildPhase;
			buildActionMask = 2147483647;
			files = (
				A7F06426190F043500EC3787 /* InfoPlist.strings in Resources */,
			);
			runOnlyForDeploymentPostprocessing = 0;
		};
/* End PBXResourcesBuildPhase section */

/* Begin PBXShellScriptBuildPhase section */
		4286DB6B5E4246E2946E0A7A /* Check Pods Manifest.lock */ = {
			isa = PBXShellScriptBuildPhase;
			buildActionMask = 2147483647;
			files = (
			);
			inputPaths = (
			);
			name = "Check Pods Manifest.lock";
			outputPaths = (
			);
			runOnlyForDeploymentPostprocessing = 0;
			shellPath = /bin/sh;
			shellScript = "diff \"${PODS_ROOT}/../Podfile.lock\" \"${PODS_ROOT}/Manifest.lock\" > /dev/null\nif [[ $? != 0 ]] ; then\n    cat << EOM\nerror: The sandbox is not in sync with the Podfile.lock. Run 'pod install' or update your CocoaPods installation.\nEOM\n    exit 1\nfi\n";
			showEnvVarsInLog = 0;
		};
		93859DB2533C4DF693C11B70 /* Copy Pods Resources */ = {
			isa = PBXShellScriptBuildPhase;
			buildActionMask = 2147483647;
			files = (
			);
			inputPaths = (
			);
			name = "Copy Pods Resources";
			outputPaths = (
			);
			runOnlyForDeploymentPostprocessing = 0;
			shellPath = /bin/sh;
			shellScript = "\"${SRCROOT}/Pods/Pods-resources.sh\"\n";
			showEnvVarsInLog = 0;
		};
/* End PBXShellScriptBuildPhase section */

/* Begin PBXSourcesBuildPhase section */
		A7F063F5190F043500EC3787 /* Sources */ = {
			isa = PBXSourcesBuildPhase;
			buildActionMask = 2147483647;
			files = (
				3EAF3FA5190F5ABA009EE2A0 /* JMLocale.m in Sources */,
				3EAF3F90190F5787009EE2A0 /* JSONModel.m in Sources */,
				3E7CA08C190F421900234F0A /* JSONParserManager.m in Sources */,
				3EAF3F92190F5787009EE2A0 /* JSONModelClassProperty.m in Sources */,
				3EAF3FB1190F5FD3009EE2A0 /* JMType.m in Sources */,
				3EAF3F71190F540E009EE2A0 /* GeneralInfo.m in Sources */,
				3EAF3F8F190F5787009EE2A0 /* JSONModel+CoreData.m in Sources */,
				3EAF3F9C190F57F2009EE2A0 /* JMCategory.m in Sources */,
				3EAF3F9F190F58E1009EE2A0 /* JMInterestingPlace.m in Sources */,
				3EAF3F97190F5787009EE2A0 /* JSONModel+networking.m in Sources */,
				A7F0640D190F043500EC3787 /* AppDelegate.m in Sources */,
				3EAF3F91190F5787009EE2A0 /* JSONModelArray.m in Sources */,
				3EAF3F96190F5787009EE2A0 /* JSONHTTPClient.m in Sources */,
				3EAF3F98190F5787009EE2A0 /* JSONKeyMapper.m in Sources */,
				3EAF3F94190F5787009EE2A0 /* NSArray+JSONModel.m in Sources */,
				3EAF3F99190F5787009EE2A0 /* JSONValueTransformer.m in Sources */,
				3EAF3FAB190F5D11009EE2A0 /* JMSummary.m in Sources */,
				3EAF3F95190F5787009EE2A0 /* JSONAPI.m in Sources */,
				3EAF3FAE190F5EB0009EE2A0 /* JMSections.m in Sources */,
				3E7CA088190F2AE800234F0A /* ConnecionManager.m in Sources */,
				3EAF3F93190F5787009EE2A0 /* JSONModelError.m in Sources */,
				3EAF3FA8190F5BE0009EE2A0 /* JMProduct.m in Sources */,
				A7F06409190F043500EC3787 /* main.m in Sources */,
				3EAF3FA2190F598C009EE2A0 /* JMLocation.m in Sources */,
			);
			runOnlyForDeploymentPostprocessing = 0;
		};
		A7F06416190F043500EC3787 /* Sources */ = {
			isa = PBXSourcesBuildPhase;
			buildActionMask = 2147483647;
			files = (
				A7F06428190F043500EC3787 /* VintecCEDATests.m in Sources */,
			);
			runOnlyForDeploymentPostprocessing = 0;
		};
/* End PBXSourcesBuildPhase section */

/* Begin PBXTargetDependency section */
		A7F06420190F043500EC3787 /* PBXTargetDependency */ = {
			isa = PBXTargetDependency;
			target = A7F063F8190F043500EC3787 /* VintecCEDA */;
			targetProxy = A7F0641F190F043500EC3787 /* PBXContainerItemProxy */;
		};
/* End PBXTargetDependency section */

/* Begin PBXVariantGroup section */
		A7F06405190F043500EC3787 /* InfoPlist.strings */ = {
			isa = PBXVariantGroup;
			children = (
				A7F06406190F043500EC3787 /* en */,
			);
			name = InfoPlist.strings;
			sourceTree = "<group>";
		};
		A7F06424190F043500EC3787 /* InfoPlist.strings */ = {
			isa = PBXVariantGroup;
			children = (
				A7F06425190F043500EC3787 /* en */,
			);
			name = InfoPlist.strings;
			sourceTree = "<group>";
		};
/* End PBXVariantGroup section */

/* Begin XCBuildConfiguration section */
		A7F06429190F043500EC3787 /* Debug */ = {
			isa = XCBuildConfiguration;
			buildSettings = {
				ALWAYS_SEARCH_USER_PATHS = NO;
				CLANG_CXX_LANGUAGE_STANDARD = "gnu++0x";
				CLANG_CXX_LIBRARY = "libc++";
				CLANG_ENABLE_MODULES = YES;
				CLANG_ENABLE_OBJC_ARC = YES;
				CLANG_WARN_BOOL_CONVERSION = YES;
				CLANG_WARN_CONSTANT_CONVERSION = YES;
				CLANG_WARN_DIRECT_OBJC_ISA_USAGE = YES_ERROR;
				CLANG_WARN_EMPTY_BODY = YES;
				CLANG_WARN_ENUM_CONVERSION = YES;
				CLANG_WARN_INT_CONVERSION = YES;
				CLANG_WARN_OBJC_ROOT_CLASS = YES_ERROR;
				CLANG_WARN__DUPLICATE_METHOD_MATCH = YES;
				"CODE_SIGN_IDENTITY[sdk=iphoneos*]" = "iPhone Developer";
				COPY_PHASE_STRIP = NO;
				GCC_C_LANGUAGE_STANDARD = gnu99;
				GCC_DYNAMIC_NO_PIC = NO;
				GCC_OPTIMIZATION_LEVEL = 0;
				GCC_PREPROCESSOR_DEFINITIONS = (
					"DEBUG=1",
					"$(inherited)",
				);
				GCC_SYMBOLS_PRIVATE_EXTERN = NO;
				GCC_WARN_64_TO_32_BIT_CONVERSION = YES;
				GCC_WARN_ABOUT_RETURN_TYPE = YES_ERROR;
				GCC_WARN_UNDECLARED_SELECTOR = YES;
				GCC_WARN_UNINITIALIZED_AUTOS = YES_AGGRESSIVE;
				GCC_WARN_UNUSED_FUNCTION = YES;
				GCC_WARN_UNUSED_VARIABLE = YES;
				IPHONEOS_DEPLOYMENT_TARGET = 7.1;
				ONLY_ACTIVE_ARCH = YES;
				SDKROOT = iphoneos;
			};
			name = Debug;
		};
		A7F0642A190F043500EC3787 /* Release */ = {
			isa = XCBuildConfiguration;
			buildSettings = {
				ALWAYS_SEARCH_USER_PATHS = NO;
				CLANG_CXX_LANGUAGE_STANDARD = "gnu++0x";
				CLANG_CXX_LIBRARY = "libc++";
				CLANG_ENABLE_MODULES = YES;
				CLANG_ENABLE_OBJC_ARC = YES;
				CLANG_WARN_BOOL_CONVERSION = YES;
				CLANG_WARN_CONSTANT_CONVERSION = YES;
				CLANG_WARN_DIRECT_OBJC_ISA_USAGE = YES_ERROR;
				CLANG_WARN_EMPTY_BODY = YES;
				CLANG_WARN_ENUM_CONVERSION = YES;
				CLANG_WARN_INT_CONVERSION = YES;
				CLANG_WARN_OBJC_ROOT_CLASS = YES_ERROR;
				CLANG_WARN__DUPLICATE_METHOD_MATCH = YES;
				"CODE_SIGN_IDENTITY[sdk=iphoneos*]" = "iPhone Developer";
				COPY_PHASE_STRIP = YES;
				ENABLE_NS_ASSERTIONS = NO;
				GCC_C_LANGUAGE_STANDARD = gnu99;
				GCC_WARN_64_TO_32_BIT_CONVERSION = YES;
				GCC_WARN_ABOUT_RETURN_TYPE = YES_ERROR;
				GCC_WARN_UNDECLARED_SELECTOR = YES;
				GCC_WARN_UNINITIALIZED_AUTOS = YES_AGGRESSIVE;
				GCC_WARN_UNUSED_FUNCTION = YES;
				GCC_WARN_UNUSED_VARIABLE = YES;
				IPHONEOS_DEPLOYMENT_TARGET = 7.1;
				SDKROOT = iphoneos;
				VALIDATE_PRODUCT = YES;
			};
			name = Release;
		};
		A7F0642C190F043500EC3787 /* Debug */ = {
			isa = XCBuildConfiguration;
			baseConfigurationReference = B7FBD6F296344DC4A55AE85E /* Pods.xcconfig */;
			buildSettings = {
				ASSETCATALOG_COMPILER_APPICON_NAME = AppIcon;
				ASSETCATALOG_COMPILER_LAUNCHIMAGE_NAME = LaunchImage;
				CODE_SIGN_IDENTITY = "iPhone Developer";
				GCC_PRECOMPILE_PREFIX_HEADER = YES;
				GCC_PREFIX_HEADER = "VintecCEDA/VintecCEDA-Prefix.pch";
				INFOPLIST_FILE = "VintecCEDA/VintecCEDA-Info.plist";
				IPHONEOS_DEPLOYMENT_TARGET = 6.0;
				PRODUCT_NAME = "$(TARGET_NAME)";
				WRAPPER_EXTENSION = app;
			};
			name = Debug;
		};
		A7F0642D190F043500EC3787 /* Release */ = {
			isa = XCBuildConfiguration;
			baseConfigurationReference = B7FBD6F296344DC4A55AE85E /* Pods.xcconfig */;
			buildSettings = {
				ASSETCATALOG_COMPILER_APPICON_NAME = AppIcon;
				ASSETCATALOG_COMPILER_LAUNCHIMAGE_NAME = LaunchImage;
				CODE_SIGN_IDENTITY = "iPhone Developer";
				GCC_PRECOMPILE_PREFIX_HEADER = YES;
				GCC_PREFIX_HEADER = "VintecCEDA/VintecCEDA-Prefix.pch";
				INFOPLIST_FILE = "VintecCEDA/VintecCEDA-Info.plist";
				IPHONEOS_DEPLOYMENT_TARGET = 6.0;
				PRODUCT_NAME = "$(TARGET_NAME)";
				WRAPPER_EXTENSION = app;
			};
			name = Release;
		};
		A7F0642F190F043500EC3787 /* Debug */ = {
			isa = XCBuildConfiguration;
			buildSettings = {
				BUNDLE_LOADER = "$(BUILT_PRODUCTS_DIR)/VintecCEDA.app/VintecCEDA";
				FRAMEWORK_SEARCH_PATHS = (
					"$(SDKROOT)/Developer/Library/Frameworks",
					"$(inherited)",
					"$(DEVELOPER_FRAMEWORKS_DIR)",
				);
				GCC_PRECOMPILE_PREFIX_HEADER = YES;
				GCC_PREFIX_HEADER = "VintecCEDA/VintecCEDA-Prefix.pch";
				GCC_PREPROCESSOR_DEFINITIONS = (
					"DEBUG=1",
					"$(inherited)",
				);
				INFOPLIST_FILE = "VintecCEDATests/VintecCEDATests-Info.plist";
				PRODUCT_NAME = "$(TARGET_NAME)";
				TEST_HOST = "$(BUNDLE_LOADER)";
				WRAPPER_EXTENSION = xctest;
			};
			name = Debug;
		};
		A7F06430190F043500EC3787 /* Release */ = {
			isa = XCBuildConfiguration;
			buildSettings = {
				BUNDLE_LOADER = "$(BUILT_PRODUCTS_DIR)/VintecCEDA.app/VintecCEDA";
				FRAMEWORK_SEARCH_PATHS = (
					"$(SDKROOT)/Developer/Library/Frameworks",
					"$(inherited)",
					"$(DEVELOPER_FRAMEWORKS_DIR)",
				);
				GCC_PRECOMPILE_PREFIX_HEADER = YES;
				GCC_PREFIX_HEADER = "VintecCEDA/VintecCEDA-Prefix.pch";
				INFOPLIST_FILE = "VintecCEDATests/VintecCEDATests-Info.plist";
				PRODUCT_NAME = "$(TARGET_NAME)";
				TEST_HOST = "$(BUNDLE_LOADER)";
				WRAPPER_EXTENSION = xctest;
			};
			name = Release;
		};
/* End XCBuildConfiguration section */

/* Begin XCConfigurationList section */
		A7F063F4190F043500EC3787 /* Build configuration list for PBXProject "VintecCEDA" */ = {
			isa = XCConfigurationList;
			buildConfigurations = (
				A7F06429190F043500EC3787 /* Debug */,
				A7F0642A190F043500EC3787 /* Release */,
			);
			defaultConfigurationIsVisible = 0;
			defaultConfigurationName = Release;
		};
		A7F0642B190F043500EC3787 /* Build configuration list for PBXNativeTarget "VintecCEDA" */ = {
			isa = XCConfigurationList;
			buildConfigurations = (
				A7F0642C190F043500EC3787 /* Debug */,
				A7F0642D190F043500EC3787 /* Release */,
			);
			defaultConfigurationIsVisible = 0;
			defaultConfigurationName = Release;
		};
		A7F0642E190F043500EC3787 /* Build configuration list for PBXNativeTarget "VintecCEDATests" */ = {
			isa = XCConfigurationList;
			buildConfigurations = (
				A7F0642F190F043500EC3787 /* Debug */,
				A7F06430190F043500EC3787 /* Release */,
			);
			defaultConfigurationIsVisible = 0;
			defaultConfigurationName = Release;
		};
/* End XCConfigurationList section */
	};
	rootObject = A7F063F1190F043500EC3787 /* Project object */;
}
